
Microsoft Visual Studio Solution File, Format Version 12.00
# Visual Studio 2013
VisualStudioVersion = 12.0.21005.1
MinimumVisualStudioVersion = 10.0.40219.1
Project("{FAE04EC0-301F-11D3-BF4B-00C04F79EFBC}") = "dotnetANPR", "src\dotnetANPR\dotnetANPR.csproj", "{723C59BA-7821-4F13-B58A-35EA86C43787}"
EndProject
Project("{FAE04EC0-301F-11D3-BF4B-00C04F79EFBC}") = "Tools", "src\Tools\Tools.csproj", "{D8BC233F-4020-4724-97F8-D132CD3C9C2F}"
EndProject
Global
	GlobalSection(SolutionConfigurationPlatforms) = preSolution
		Debug|Any CPU = Debug|Any CPU
		Release|Any CPU = Release|Any CPU
	EndGlobalSection
	GlobalSection(ProjectConfigurationPlatforms) = postSolution
		{723C59BA-7821-4F13-B58A-35EA86C43787}.Debug|Any CPU.ActiveCfg = Debug|Any CPU
		{723C59BA-7821-4F13-B58A-35EA86C43787}.Debug|Any CPU.Build.0 = Debug|Any CPU
		{723C59BA-7821-4F13-B58A-35EA86C43787}.Release|Any CPU.ActiveCfg = Release|Any CPU
		{723C59BA-7821-4F13-B58A-35EA86C43787}.Release|Any CPU.Build.0 = Release|Any CPU
		{D8BC233F-4020-4724-97F8-D132CD3C9C2F}.Debug|Any CPU.ActiveCfg = Debug|Any CPU
		{D8BC233F-4020-4724-97F8-D132CD3C9C2F}.Debug|Any CPU.Build.0 = Debug|Any CPU
		{D8BC233F-4020-4724-97F8-D132CD3C9C2F}.Release|Any CPU.ActiveCfg = Release|Any CPU
		{D8BC233F-4020-4724-97F8-D132CD3C9C2F}.Release|Any CPU.Build.0 = Release|Any CPU
	EndGlobalSection
	GlobalSection(SolutionProperties) = preSolution
		HideSolutionNode = FALSE
	EndGlobalSection
EndGlobal
